
Microsoft Visual Studio Solution File, Format Version 12.00
# Visual Studio Version 17
VisualStudioVersion = 17.0.31903.59
MinimumVisualStudioVersion = 10.0.40219.1
Project("{FAE04EC0-301F-11D3-BF4B-00C04F79EFBC}") = "ViajaJunto.Tests", "ViajaJunto.Tests\ViajaJunto.Tests.csproj", "{84341E0A-7C30-4A59-B826-2D9E32AF735D}"
EndProject
Project("{FAE04EC0-301F-11D3-BF4B-00C04F79EFBC}") = "ViajaJunto", "ViajaJunto.csproj", "{D6056F60-5432-4E18-9B1A-F756055309BA}"
EndProject
Global
	GlobalSection(SolutionConfigurationPlatforms) = preSolution
		Debug|Any CPU = Debug|Any CPU
		Debug|x64 = Debug|x64
		Debug|x86 = Debug|x86
		Release|Any CPU = Release|Any CPU
		Release|x64 = Release|x64
		Release|x86 = Release|x86
	EndGlobalSection
	GlobalSection(ProjectConfigurationPlatforms) = postSolution
		{84341E0A-7C30-4A59-B826-2D9E32AF735D}.Debug|Any CPU.ActiveCfg = Debug|Any CPU
		{84341E0A-7C30-4A59-B826-2D9E32AF735D}.Debug|Any CPU.Build.0 = Debug|Any CPU
		{84341E0A-7C30-4A59-B826-2D9E32AF735D}.Debug|x64.ActiveCfg = Debug|Any CPU
		{84341E0A-7C30-4A59-B826-2D9E32AF735D}.Debug|x64.Build.0 = Debug|Any CPU
		{84341E0A-7C30-4A59-B826-2D9E32AF735D}.Debug|x86.ActiveCfg = Debug|Any CPU
		{84341E0A-7C30-4A59-B826-2D9E32AF735D}.Debug|x86.Build.0 = Debug|Any CPU
		{84341E0A-7C30-4A59-B826-2D9E32AF735D}.Release|Any CPU.ActiveCfg = Release|Any CPU
		{84341E0A-7C30-4A59-B826-2D9E32AF735D}.Release|Any CPU.Build.0 = Release|Any CPU
		{84341E0A-7C30-4A59-B826-2D9E32AF735D}.Release|x64.ActiveCfg = Release|Any CPU
		{84341E0A-7C30-4A59-B826-2D9E32AF735D}.Release|x64.Build.0 = Release|Any CPU
		{84341E0A-7C30-4A59-B826-2D9E32AF735D}.Release|x86.ActiveCfg = Release|Any CPU
		{84341E0A-7C30-4A59-B826-2D9E32AF735D}.Release|x86.Build.0 = Release|Any CPU
		{D6056F60-5432-4E18-9B1A-F756055309BA}.Debug|Any CPU.ActiveCfg = Debug|Any CPU
		{D6056F60-5432-4E18-9B1A-F756055309BA}.Debug|Any CPU.Build.0 = Debug|Any CPU
		{D6056F60-5432-4E18-9B1A-F756055309BA}.Debug|x64.ActiveCfg = Debug|Any CPU
		{D6056F60-5432-4E18-9B1A-F756055309BA}.Debug|x64.Build.0 = Debug|Any CPU
		{D6056F60-5432-4E18-9B1A-F756055309BA}.Debug|x86.ActiveCfg = Debug|Any CPU
		{D6056F60-5432-4E18-9B1A-F756055309BA}.Debug|x86.Build.0 = Debug|Any CPU
		{D6056F60-5432-4E18-9B1A-F756055309BA}.Release|Any CPU.ActiveCfg = Release|Any CPU
		{D6056F60-5432-4E18-9B1A-F756055309BA}.Release|Any CPU.Build.0 = Release|Any CPU
		{D6056F60-5432-4E18-9B1A-F756055309BA}.Release|x64.ActiveCfg = Release|Any CPU
		{D6056F60-5432-4E18-9B1A-F756055309BA}.Release|x64.Build.0 = Release|Any CPU
		{D6056F60-5432-4E18-9B1A-F756055309BA}.Release|x86.ActiveCfg = Release|Any CPU
		{D6056F60-5432-4E18-9B1A-F756055309BA}.Release|x86.Build.0 = Release|Any CPU
	EndGlobalSection
	GlobalSection(SolutionProperties) = preSolution
		HideSolutionNode = FALSE
	EndGlobalSection
EndGlobal
